{
  "name": "@dataink/lumberjack",
  "version": "2.0.0",
  "lockfileVersion": 3,
  "requires": true,
  "packages": {
    "": {
      "name": "@dataink/lumberjack",
      "version": "2.0.0",
      "license": "MIT",
      "peerDependencies": {
        "chalk": "^5.0.0"
      },
      "peerDependenciesMeta": {
        "chalk": {
          "optional": true
        }
      }
    }
  }
}
